
Microsoft Visual Studio Solution File, Format Version 12.00
# Visual Studio Version 18
VisualStudioVersion = 18.3.11520.95 d18.3
MinimumVisualStudioVersion = 10.0.40219.1
Project("{FAE04EC0-301F-11D3-BF4B-00C04F79EFBC}") = "PolygonApp", "PolygonApp.csproj", "{A56E5201-D11A-B962-A3D3-0895239B32FE}"
EndProject
Global
	GlobalSection(SolutionConfigurationPlatforms) = preSolution
		Debug|Any CPU = Debug|Any CPU
		Release|Any CPU = Release|Any CPU
	EndGlobalSection
	GlobalSection(ProjectConfigurationPlatforms) = postSolution
		{A56E5201-D11A-B962-A3D3-0895239B32FE}.Debug|Any CPU.ActiveCfg = Debug|Any CPU
		{A56E5201-D11A-B962-A3D3-0895239B32FE}.Debug|Any CPU.Build.0 = Debug|Any CPU
		{A56E5201-D11A-B962-A3D3-0895239B32FE}.Release|Any CPU.ActiveCfg = Release|Any CPU
		{A56E5201-D11A-B962-A3D3-0895239B32FE}.Release|Any CPU.Build.0 = Release|Any CPU
	EndGlobalSection
	GlobalSection(SolutionProperties) = preSolution
		HideSolutionNode = FALSE
	EndGlobalSection
	GlobalSection(ExtensibilityGlobals) = postSolution
		SolutionGuid = {FA9FDE81-48C7-4A91-9378-502308FCBFA5}
	EndGlobalSection
EndGlobal
